{
  "name": "@tensorify/relu",
  "version": "1.0.0",
  "lockfileVersion": 3,
  "requires": true,
  "packages": {
    "": {
      "name": "@tensorify/relu",
      "version": "1.0.0",
      "license": "ISC",
      "dependencies": {
        "@tensorify.io/sdk": "0.0.44"
      },
      "devDependencies": {
        "@types/node": "^18.0.0",
        "typescript": "^5.0.0"
      },
      "engines": {
        "node": ">=14.0.0"
      }
    },
    "node_modules/@tensorify.io/sdk": {
      "version": "0.0.44",
      "resolved": "https://registry.npmjs.org/@tensorify.io/sdk/-/sdk-0.0.44.tgz",
      "integrity": "sha512-I6zC/7P4NeXxSRP6Yco3b8ZqDq2lXVBZO2Jbu9K0P9B8c6QQCGnC89FxzDFsvBKr45g0GwiWpssf73zYJ0HIQg==",
      "license": "ISC",
      "dependencies": {
        "zod": "^3.25.0"
      },
      "engines": {
        "node": ">=16.0.0"
      }
    },
    "node_modules/@types/node": {
      "version": "18.19.122",
      "resolved": "https://registry.npmjs.org/@types/node/-/node-18.19.122.tgz",
      "integrity": "sha512-yzegtT82dwTNEe/9y+CM8cgb42WrUfMMCg2QqSddzO1J6uPmBD7qKCZ7dOHZP2Yrpm/kb0eqdNMn2MUyEiqBmA==",
      "dev": true,
      "license": "MIT",
      "dependencies": {
        "undici-types": "~5.26.4"
      }
    },
    "node_modules/typescript": {
      "version": "5.9.2",
      "resolved": "https://registry.npmjs.org/typescript/-/typescript-5.9.2.tgz",
      "integrity": "sha512-CWBzXQrc/qOkhidw1OzBTQuYRbfyxDXJMVJ1XNwUHGROVmuaeiEm3OslpZ1RV96d7SKKjZKrSJu3+t/xlw3R9A==",
      "dev": true,
      "license": "Apache-2.0",
      "bin": {
        "tsc": "bin/tsc",
        "tsserver": "bin/tsserver"
      },
      "engines": {
        "node": ">=14.17"
      }
    },
    "node_modules/undici-types": {
      "version": "5.26.5",
      "resolved": "https://registry.npmjs.org/undici-types/-/undici-types-5.26.5.tgz",
      "integrity": "sha512-JlCMO+ehdEIKqlFxk6IfVoAUVmgz7cU7zD/h9XZ0qzeosSHmUJVOzSQvvYSYWXkFXC+IfLKSIffhv0sVZup6pA==",
      "dev": true,
      "license": "MIT"
    },
    "node_modules/zod": {
      "version": "3.25.76",
      "resolved": "https://registry.npmjs.org/zod/-/zod-3.25.76.tgz",
      "integrity": "sha512-gzUt/qt81nXsFGKIFcC3YnfEAx5NkunCfnDlvuBSSFS02bcXu4Lmea0AFIUwbLWxWPx3d9p8S5QoaujKcNQxcQ==",
      "license": "MIT",
      "funding": {
        "url": "https://github.com/sponsors/colinhacks"
      }
    }
  }
}
